
Microsoft Visual Studio Solution File, Format Version 12.00
# Visual Studio Version 16
VisualStudioVersion = 16.0.29519.87
MinimumVisualStudioVersion = 10.0.40219.1
Project("{9A19103F-16F7-4668-BE54-9A1E7A4F7556}") = "Sample.DemoApi", "src\Sample.DemoApi\Sample.DemoApi.csproj", "{7A13C1D2-F442-44DD-A178-734E2C55A5CA}"
EndProject
Project("{2150E333-8FDC-42A3-9474-1A3956D46DE8}") = "EvilPackage", "EvilPackage", "{AF2D5456-0259-45E9-A026-54E413A624CD}"
EndProject
Project("{9A19103F-16F7-4668-BE54-9A1E7A4F7556}") = "Sample.EvilPackage", "src\Sample.EvilPackage\Sample.EvilPackage.csproj", "{EB0CFF91-191B-44EC-BA6C-48456DA43666}"
EndProject
Global
	GlobalSection(SolutionConfigurationPlatforms) = preSolution
		Debug|Any CPU = Debug|Any CPU
		Release|Any CPU = Release|Any CPU
	EndGlobalSection
	GlobalSection(ProjectConfigurationPlatforms) = postSolution
		{7A13C1D2-F442-44DD-A178-734E2C55A5CA}.Debug|Any CPU.ActiveCfg = Debug|Any CPU
		{7A13C1D2-F442-44DD-A178-734E2C55A5CA}.Debug|Any CPU.Build.0 = Debug|Any CPU
		{7A13C1D2-F442-44DD-A178-734E2C55A5CA}.Release|Any CPU.ActiveCfg = Release|Any CPU
		{7A13C1D2-F442-44DD-A178-734E2C55A5CA}.Release|Any CPU.Build.0 = Release|Any CPU
		{EB0CFF91-191B-44EC-BA6C-48456DA43666}.Debug|Any CPU.ActiveCfg = Debug|Any CPU
		{EB0CFF91-191B-44EC-BA6C-48456DA43666}.Debug|Any CPU.Build.0 = Debug|Any CPU
		{EB0CFF91-191B-44EC-BA6C-48456DA43666}.Release|Any CPU.ActiveCfg = Release|Any CPU
		{EB0CFF91-191B-44EC-BA6C-48456DA43666}.Release|Any CPU.Build.0 = Release|Any CPU
	EndGlobalSection
	GlobalSection(SolutionProperties) = preSolution
		HideSolutionNode = FALSE
	EndGlobalSection
	GlobalSection(NestedProjects) = preSolution
		{EB0CFF91-191B-44EC-BA6C-48456DA43666} = {AF2D5456-0259-45E9-A026-54E413A624CD}
	EndGlobalSection
	GlobalSection(ExtensibilityGlobals) = postSolution
		SolutionGuid = {CBCB5E20-486D-40C6-B3AB-ACEF9E898777}
	EndGlobalSection
EndGlobal
